
Microsoft Visual Studio Solution File, Format Version 12.00
# Visual Studio Version 17
VisualStudioVersion = 17.13.35825.156
MinimumVisualStudioVersion = 10.0.40219.1
Project("{FAE04EC0-301F-11D3-BF4B-00C04F79EFBC}") = "_build", "build\_build.csproj", "{3B1C8F44-9D7E-4A62-B8E1-52D0A7C63914}"
EndProject
Global
	GlobalSection(SolutionConfigurationPlatforms) = preSolution
		Debug|Any CPU = Debug|Any CPU
		Release|Any CPU = Release|Any CPU
	EndGlobalSection
	GlobalSection(ProjectConfigurationPlatforms) = postSolution
		{3B1C8F44-9D7E-4A62-B8E1-52D0A7C63914}.Debug|Any CPU.ActiveCfg = Debug|Any CPU
		{3B1C8F44-9D7E-4A62-B8E1-52D0A7C63914}.Debug|Any CPU.Build.0 = Debug|Any CPU
		{3B1C8F44-9D7E-4A62-B8E1-52D0A7C63914}.Release|Any CPU.ActiveCfg = Release|Any CPU
		{3B1C8F44-9D7E-4A62-B8E1-52D0A7C63914}.Release|Any CPU.Build.0 = Release|Any CPU
	EndGlobalSection
	GlobalSection(SolutionProperties) = preSolution
		HideSolutionNode = FALSE
	EndGlobalSection
	GlobalSection(ExtensibilityGlobals) = postSolution
		SolutionGuid = {6E9A2D41-0C57-4F8B-9A33-1D8E5B7C4A20}
	EndGlobalSection
EndGlobal
